
Microsoft Visual Studio Solution File, Format Version 12.00
# Visual Studio Version 17
VisualStudioVersion = 17.0.32112.339
MinimumVisualStudioVersion = 10.0.40219.1
Project("{FAE04EC0-301F-11D3-BF4B-00C04F79EFBC}") = "mashin_hesab_win10", "mashin_hesab_win10\mashin_hesab_win10.csproj", "{2A931F07-7339-4DC5-BDF1-7F83570A35D4}"
EndProject
Global
	GlobalSection(SolutionConfigurationPlatforms) = preSolution
		Debug|Any CPU = Debug|Any CPU
		Release|Any CPU = Release|Any CPU
	EndGlobalSection
	GlobalSection(ProjectConfigurationPlatforms) = postSolution
		{2A931F07-7339-4DC5-BDF1-7F83570A35D4}.Debug|Any CPU.ActiveCfg = Debug|Any CPU
		{2A931F07-7339-4DC5-BDF1-7F83570A35D4}.Debug|Any CPU.Build.0 = Debug|Any CPU
		{2A931F07-7339-4DC5-BDF1-7F83570A35D4}.Release|Any CPU.ActiveCfg = Release|Any CPU
		{2A931F07-7339-4DC5-BDF1-7F83570A35D4}.Release|Any CPU.Build.0 = Release|Any CPU
	EndGlobalSection
	GlobalSection(SolutionProperties) = preSolution
		HideSolutionNode = FALSE
	EndGlobalSection
	GlobalSection(ExtensibilityGlobals) = postSolution
		SolutionGuid = {2724A162-A556-4556-AA63-9E0F05DC3660}
	EndGlobalSection
EndGlobal
